
Microsoft Visual Studio Solution File, Format Version 12.00
# Visual Studio 2013
VisualStudioVersion = 12.0.40629.0
MinimumVisualStudioVersion = 10.0.40219.1
Project("{E24C65DC-7377-472B-9ABA-BC803B73C61A}") = "WorkScheduleSolution", "http://localhost:51762", "{97FB9538-A4C9-4316-8DC1-33C4ABB5291D}"
	ProjectSection(WebsiteProperties) = preProject
		UseIISExpress = "true"
		TargetFrameworkMoniker = ".NETFramework,Version%3Dv4.5"
		Debug.AspNetCompiler.VirtualPath = "/localhost_51762"
		Debug.AspNetCompiler.PhysicalPath = "..\WorkScheduleSolution\"
		Debug.AspNetCompiler.TargetPath = "PrecompiledWeb\localhost_51762\"
		Debug.AspNetCompiler.Updateable = "true"
		Debug.AspNetCompiler.ForceOverwrite = "true"
		Debug.AspNetCompiler.FixedNames = "false"
		Debug.AspNetCompiler.Debug = "True"
		Release.AspNetCompiler.VirtualPath = "/localhost_51762"
		Release.AspNetCompiler.PhysicalPath = "..\WorkScheduleSolution\"
		Release.AspNetCompiler.TargetPath = "PrecompiledWeb\localhost_51762\"
		Release.AspNetCompiler.Updateable = "true"
		Release.AspNetCompiler.ForceOverwrite = "true"
		Release.AspNetCompiler.FixedNames = "false"
		Release.AspNetCompiler.Debug = "False"
		SlnRelativePath = "..\WorkScheduleSolution\"
		DefaultWebSiteLanguage = "Visual C#"
	EndProjectSection
EndProject
Project("{FAE04EC0-301F-11D3-BF4B-00C04F79EFBC}") = "WSSystem", "WSSystem\WSSystem.csproj", "{29C355AE-4AA9-4367-9B8F-3DB28C8604C9}"
EndProject
Global
	GlobalSection(SolutionConfigurationPlatforms) = preSolution
		Debug|Any CPU = Debug|Any CPU
		Release|Any CPU = Release|Any CPU
	EndGlobalSection
	GlobalSection(ProjectConfigurationPlatforms) = postSolution
		{97FB9538-A4C9-4316-8DC1-33C4ABB5291D}.Debug|Any CPU.ActiveCfg = Debug|Any CPU
		{97FB9538-A4C9-4316-8DC1-33C4ABB5291D}.Debug|Any CPU.Build.0 = Debug|Any CPU
		{97FB9538-A4C9-4316-8DC1-33C4ABB5291D}.Release|Any CPU.ActiveCfg = Debug|Any CPU
		{97FB9538-A4C9-4316-8DC1-33C4ABB5291D}.Release|Any CPU.Build.0 = Debug|Any CPU
		{29C355AE-4AA9-4367-9B8F-3DB28C8604C9}.Debug|Any CPU.ActiveCfg = Debug|Any CPU
		{29C355AE-4AA9-4367-9B8F-3DB28C8604C9}.Debug|Any CPU.Build.0 = Debug|Any CPU
		{29C355AE-4AA9-4367-9B8F-3DB28C8604C9}.Release|Any CPU.ActiveCfg = Release|Any CPU
		{29C355AE-4AA9-4367-9B8F-3DB28C8604C9}.Release|Any CPU.Build.0 = Release|Any CPU
	EndGlobalSection
	GlobalSection(SolutionProperties) = preSolution
		HideSolutionNode = FALSE
	EndGlobalSection
EndGlobal
